
Microsoft Visual Studio Solution File, Format Version 12.00
# Visual Studio 15
VisualStudioVersion = 15.0.27004.2002
MinimumVisualStudioVersion = 10.0.40219.1
Project("{FAE04EC0-301F-11D3-BF4B-00C04F79EFBC}") = "TcpServer", "TcpServer\TcpServer.csproj", "{EE23E11A-DBE1-493B-AF25-72845384A701}"
EndProject
Project("{FAE04EC0-301F-11D3-BF4B-00C04F79EFBC}") = "TcpClient", "TcpClient\TcpClient.csproj", "{B758F09D-8439-4B2E-8B33-B05526E46E40}"
EndProject
Global
	GlobalSection(SolutionConfigurationPlatforms) = preSolution
		Debug|Any CPU = Debug|Any CPU
		Release|Any CPU = Release|Any CPU
	EndGlobalSection
	GlobalSection(ProjectConfigurationPlatforms) = postSolution
		{EE23E11A-DBE1-493B-AF25-72845384A701}.Debug|Any CPU.ActiveCfg = Debug|Any CPU
		{EE23E11A-DBE1-493B-AF25-72845384A701}.Debug|Any CPU.Build.0 = Debug|Any CPU
		{EE23E11A-DBE1-493B-AF25-72845384A701}.Release|Any CPU.ActiveCfg = Release|Any CPU
		{EE23E11A-DBE1-493B-AF25-72845384A701}.Release|Any CPU.Build.0 = Release|Any CPU
		{B758F09D-8439-4B2E-8B33-B05526E46E40}.Debug|Any CPU.ActiveCfg = Debug|Any CPU
		{B758F09D-8439-4B2E-8B33-B05526E46E40}.Debug|Any CPU.Build.0 = Debug|Any CPU
		{B758F09D-8439-4B2E-8B33-B05526E46E40}.Release|Any CPU.ActiveCfg = Release|Any CPU
		{B758F09D-8439-4B2E-8B33-B05526E46E40}.Release|Any CPU.Build.0 = Release|Any CPU
	EndGlobalSection
	GlobalSection(SolutionProperties) = preSolution
		HideSolutionNode = FALSE
	EndGlobalSection
	GlobalSection(ExtensibilityGlobals) = postSolution
		SolutionGuid = {19AD58BD-6C1B-4E57-9F2A-1891B7BC1866}
	EndGlobalSection
EndGlobal
